
Microsoft Visual Studio Solution File, Format Version 12.00
# Visual Studio Version 16
VisualStudioVersion = 16.0.32106.194
MinimumVisualStudioVersion = 10.0.40219.1
Project("{FAE04EC0-301F-11D3-BF4B-00C04F79EFBC}") = "ECommerce", "ECommerce\ECommerce.csproj", "{7F156653-2957-4216-8149-DFE8FE2D3358}"
EndProject
Global
	GlobalSection(SolutionConfigurationPlatforms) = preSolution
		Debug|Any CPU = Debug|Any CPU
		Release|Any CPU = Release|Any CPU
	EndGlobalSection
	GlobalSection(ProjectConfigurationPlatforms) = postSolution
		{7F156653-2957-4216-8149-DFE8FE2D3358}.Debug|Any CPU.ActiveCfg = Debug|Any CPU
		{7F156653-2957-4216-8149-DFE8FE2D3358}.Debug|Any CPU.Build.0 = Debug|Any CPU
		{7F156653-2957-4216-8149-DFE8FE2D3358}.Release|Any CPU.ActiveCfg = Release|Any CPU
		{7F156653-2957-4216-8149-DFE8FE2D3358}.Release|Any CPU.Build.0 = Release|Any CPU
	EndGlobalSection
	GlobalSection(SolutionProperties) = preSolution
		HideSolutionNode = FALSE
	EndGlobalSection
	GlobalSection(ExtensibilityGlobals) = postSolution
		SolutionGuid = {B344ECB3-BCA7-40B5-9B34-799AF14CCDE8}
	EndGlobalSection
EndGlobal
